// !$*UTF8*$!
{
	archiveVersion = 1;
	classes = {
	};
	objectVersion = 46;
	objects = {

/* Begin PBXBuildFile section */
		56A4E4C1B9D6964A9F32AFF6 /* Pods_FancyButton.framework in Frameworks */ = {isa = PBXBuildFile; fileRef = E083AB312AC3D1B49F728E5E /* Pods_FancyButton.framework */; settings = {ATTRIBUTES = (Weak, ); }; };
		E8EADA161B161DF6006A627E /* AppDelegate.swift in Sources */ = {isa = PBXBuildFile; fileRef = E8EADA151B161DF6006A627E /* AppDelegate.swift */; };
		E8EADA181B161DF6006A627E /* ViewController.swift in Sources */ = {isa = PBXBuildFile; fileRef = E8EADA171B161DF6006A627E /* ViewController.swift */; };
		E8EADA1B1B161DF6006A627E /* Main.storyboard in Resources */ = {isa = PBXBuildFile; fileRef = E8EADA191B161DF6006A627E /* Main.storyboard */; };
		E8EADA1D1B161DF6006A627E /* Images.xcassets in Resources */ = {isa = PBXBuildFile; fileRef = E8EADA1C1B161DF6006A627E /* Images.xcassets */; };
		E8EADA201B161DF6006A627E /* LaunchScreen.xib in Resources */ = {isa = PBXBuildFile; fileRef = E8EADA1E1B161DF6006A627E /* LaunchScreen.xib */; };
		E8EADA2C1B161DF6006A627E /* FancyButtonTests.swift in Sources */ = {isa = PBXBuildFile; fileRef = E8EADA2B1B161DF6006A627E /* FancyButtonTests.swift */; };
/* End PBXBuildFile section */

/* Begin PBXContainerItemProxy section */
		E8EADA261B161DF6006A627E /* PBXContainerItemProxy */ = {
			isa = PBXContainerItemProxy;
			containerPortal = E8EADA081B161DF6006A627E /* Project object */;
			proxyType = 1;
			remoteGlobalIDString = E8EADA0F1B161DF6006A627E;
			remoteInfo = FancyButton;
		};
/* End PBXContainerItemProxy section */

/* Begin PBXFileReference section */
		AD450EDDB312F5C38EA3E9BD /* Pods-FancyButton.release.xcconfig */ = {isa = PBXFileReference; includeInIndex = 1; lastKnownFileType = text.xcconfig; name = "Pods-FancyButton.release.xcconfig"; path = "Pods/Target Support Files/Pods-FancyButton/Pods-FancyButton.release.xcconfig"; sourceTree = "<group>"; };
		D3512CD96A876FAA0F7CF4E1 /* Pods-FancyButton.debug.xcconfig */ = {isa = PBXFileReference; includeInIndex = 1; lastKnownFileType = text.xcconfig; name = "Pods-FancyButton.debug.xcconfig"; path = "Pods/Target Support Files/Pods-FancyButton/Pods-FancyButton.debug.xcconfig"; sourceTree = "<group>"; };
		E083AB312AC3D1B49F728E5E /* Pods_FancyButton.framework */ = {isa = PBXFileReference; explicitFileType = wrapper.framework; includeInIndex = 0; path = Pods_FancyButton.framework; sourceTree = BUILT_PRODUCTS_DIR; };
		E8EADA101B161DF6006A627E /* FancyButton.app */ = {isa = PBXFileReference; explicitFileType = wrapper.application; includeInIndex = 0; path = FancyButton.app; sourceTree = BUILT_PRODUCTS_DIR; };
		E8EADA141B161DF6006A627E /* Info.plist */ = {isa = PBXFileReference; lastKnownFileType = text.plist.xml; path = Info.plist; sourceTree = "<group>"; };
		E8EADA151B161DF6006A627E /* AppDelegate.swift */ = {isa = PBXFileReference; lastKnownFileType = sourcecode.swift; path = AppDelegate.swift; sourceTree = "<group>"; };
		E8EADA171B161DF6006A627E /* ViewController.swift */ = {isa = PBXFileReference; lastKnownFileType = sourcecode.swift; path = ViewController.swift; sourceTree = "<group>"; };
		E8EADA1A1B161DF6006A627E /* Base */ = {isa = PBXFileReference; lastKnownFileType = file.storyboard; name = Base; path = Base.lproj/Main.storyboard; sourceTree = "<group>"; };
		E8EADA1C1B161DF6006A627E /* Images.xcassets */ = {isa = PBXFileReference; lastKnownFileType = folder.assetcatalog; path = Images.xcassets; sourceTree = "<group>"; };
		E8EADA1F1B161DF6006A627E /* Base */ = {isa = PBXFileReference; lastKnownFileType = file.xib; name = Base; path = Base.lproj/LaunchScreen.xib; sourceTree = "<group>"; };
		E8EADA251B161DF6006A627E /* FancyButtonTests.xctest */ = {isa = PBXFileReference; explicitFileType = wrapper.cfbundle; includeInIndex = 0; path = FancyButtonTests.xctest; sourceTree = BUILT_PRODUCTS_DIR; };
		E8EADA2A1B161DF6006A627E /* Info.plist */ = {isa = PBXFileReference; lastKnownFileType = text.plist.xml; path = Info.plist; sourceTree = "<group>"; };
		E8EADA2B1B161DF6006A627E /* FancyButtonTests.swift */ = {isa = PBXFileReference; lastKnownFileType = sourcecode.swift; path = FancyButtonTests.swift; sourceTree = "<group>"; };
/* End PBXFileReference section */

/* Begin PBXFrameworksBuildPhase section */
		E8EADA0D1B161DF6006A627E /* Frameworks */ = {
			isa = PBXFrameworksBuildPhase;
			buildActionMask = 2147483647;
			files = (
				56A4E4C1B9D6964A9F32AFF6 /* Pods_FancyButton.framework in Frameworks */,
			);
			runOnlyForDeploymentPostprocessing = 0;
		};
		E8EADA221B161DF6006A627E /* Frameworks */ = {
			isa = PBXFrameworksBuildPhase;
			buildActionMask = 2147483647;
			files = (
			);
			runOnlyForDeploymentPostprocessing = 0;
		};
/* End PBXFrameworksBuildPhase section */

/* Begin PBXGroup section */
		4E7BD0577FF7081722D9E155 /* Frameworks */ = {
			isa = PBXGroup;
			children = (
				E083AB312AC3D1B49F728E5E /* Pods_FancyButton.framework */,
			);
			name = Frameworks;
			sourceTree = "<group>";
		};
		6C8BB6A777D2CFC8CF193D45 /* Pods */ = {
			isa = PBXGroup;
			children = (
				D3512CD96A876FAA0F7CF4E1 /* Pods-FancyButton.debug.xcconfig */,
				AD450EDDB312F5C38EA3E9BD /* Pods-FancyButton.release.xcconfig */,
			);
			name = Pods;
			sourceTree = "<group>";
		};
		E8EADA071B161DF6006A627E = {
			isa = PBXGroup;
			children = (
				E8EADA121B161DF6006A627E /* FancyButton */,
				E8EADA281B161DF6006A627E /* FancyButtonTests */,
				E8EADA111B161DF6006A627E /* Products */,
				6C8BB6A777D2CFC8CF193D45 /* Pods */,
				4E7BD0577FF7081722D9E155 /* Frameworks */,
			);
			sourceTree = "<group>";
		};
		E8EADA111B161DF6006A627E /* Products */ = {
			isa = PBXGroup;
			children = (
				E8EADA101B161DF6006A627E /* FancyButton.app */,
				E8EADA251B161DF6006A627E /* FancyButtonTests.xctest */,
			);
			name = Products;
			sourceTree = "<group>";
		};
		E8EADA121B161DF6006A627E /* FancyButton */ = {
			isa = PBXGroup;
			children = (
				E8EADA151B161DF6006A627E /* AppDelegate.swift */,
				E8EADA171B161DF6006A627E /* ViewController.swift */,
				E8EADA191B161DF6006A627E /* Main.storyboard */,
				E8EADA1C1B161DF6006A627E /* Images.xcassets */,
				E8EADA1E1B161DF6006A627E /* LaunchScreen.xib */,
				E8EADA131B161DF6006A627E /* Supporting Files */,
			);
			path = FancyButton;
			sourceTree = "<group>";
		};
		E8EADA131B161DF6006A627E /* Supporting Files */ = {
			isa = PBXGroup;
			children = (
				E8EADA141B161DF6006A627E /* Info.plist */,
			);
			name = "Supporting Files";
			sourceTree = "<group>";
		};
		E8EADA281B161DF6006A627E /* FancyButtonTests */ = {
			isa = PBXGroup;
			children = (
				E8EADA2B1B161DF6006A627E /* FancyButtonTests.swift */,
				E8EADA291B161DF6006A627E /* Supporting Files */,
			);
			path = FancyButtonTests;
			sourceTree = "<group>";
		};
		E8EADA291B161DF6006A627E /* Supporting Files */ = {
			isa = PBXGroup;
			children = (
				E8EADA2A1B161DF6006A627E /* Info.plist */,
			);
			name = "Supporting Files";
			sourceTree = "<group>";
		};
/* End PBXGroup section */

/* Begin PBXNativeTarget section */
		E8EADA0F1B161DF6006A627E /* FancyButton */ = {
			isa = PBXNativeTarget;
			buildConfigurationList = E8EADA2F1B161DF6006A627E /* Build configuration list for PBXNativeTarget "FancyButton" */;
			buildPhases = (
				6D752E5A6EC57B5ABA616CE6 /* Check Pods Manifest.lock */,
				E8EADA0C1B161DF6006A627E /* Sources */,
				E8EADA0D1B161DF6006A627E /* Frameworks */,
				E8EADA0E1B161DF6006A627E /* Resources */,
				32C48E36F2F990B57CDE99E3 /* Embed Pods Frameworks */,
				31FBCC3FADB09A302B56BE20 /* Copy Pods Resources */,
			);
			buildRules = (
			);
			dependencies = (
			);
			name = FancyButton;
			productName = FancyButton;
			productReference = E8EADA101B161DF6006A627E /* FancyButton.app */;
			productType = "com.apple.product-type.application";
		};
		E8EADA241B161DF6006A627E /* FancyButtonTests */ = {
			isa = PBXNativeTarget;
			buildConfigurationList = E8EADA321B161DF6006A627E /* Build configuration list for PBXNativeTarget "FancyButtonTests" */;
			buildPhases = (
				E8EADA211B161DF6006A627E /* Sources */,
				E8EADA221B161DF6006A627E /* Frameworks */,
				E8EADA231B161DF6006A627E /* Resources */,
			);
			buildRules = (
			);
			dependencies = (
				E8EADA271B161DF6006A627E /* PBXTargetDependency */,
			);
			name = FancyButtonTests;
			productName = FancyButtonTests;
			productReference = E8EADA251B161DF6006A627E /* FancyButtonTests.xctest */;
			productType = "com.apple.product-type.bundle.unit-test";
		};
/* End PBXNativeTarget section */

/* Begin PBXProject section */
		E8EADA081B161DF6006A627E /* Project object */ = {
			isa = PBXProject;
			attributes = {
				LastUpgradeCheck = 0630;
				ORGANIZATIONNAME = "Chris Aaron";
				TargetAttributes = {
					E8EADA0F1B161DF6006A627E = {
						CreatedOnToolsVersion = 6.3;
					};
					E8EADA241B161DF6006A627E = {
						CreatedOnToolsVersion = 6.3;
						TestTargetID = E8EADA0F1B161DF6006A627E;
					};
				};
			};
			buildConfigurationList = E8EADA0B1B161DF6006A627E /* Build configuration list for PBXProject "FancyButton" */;
			compatibilityVersion = "Xcode 3.2";
			developmentRegion = English;
			hasScannedForEncodings = 0;
			knownRegions = (
				en,
				Base,
			);
			mainGroup = E8EADA071B161DF6006A627E;
			productRefGroup = E8EADA111B161DF6006A627E /* Products */;
			projectDirPath = "";
			projectRoot = "";
			targets = (
				E8EADA0F1B161DF6006A627E /* FancyButton */,
				E8EADA241B161DF6006A627E /* FancyButtonTests */,
			);
		};
/* End PBXProject section */

/* Begin PBXResourcesBuildPhase section */
		E8EADA0E1B161DF6006A627E /* Resources */ = {
			isa = PBXResourcesBuildPhase;
			buildActionMask = 2147483647;
			files = (
				E8EADA1B1B161DF6006A627E /* Main.storyboard in Resources */,
				E8EADA201B161DF6006A627E /* LaunchScreen.xib in Resources */,
				E8EADA1D1B161DF6006A627E /* Images.xcassets in Resources */,
			);
			runOnlyForDeploymentPostprocessing = 0;
		};
		E8EADA231B161DF6006A627E /* Resources */ = {
			isa = PBXResourcesBuildPhase;
			buildActionMask = 2147483647;
			files = (
			);
			runOnlyForDeploymentPostprocessing = 0;
		};
/* End PBXResourcesBuildPhase section */

/* Begin PBXShellScriptBuildPhase section */
		31FBCC3FADB09A302B56BE20 /* Copy Pods Resources */ = {
			isa = PBXShellScriptBuildPhase;
			buildActionMask = 2147483647;
			files = (
			);
			inputPaths = (
			);
			name = "Copy Pods Resources";
			outputPaths = (
			);
			runOnlyForDeploymentPostprocessing = 0;
			shellPath = /bin/sh;
			shellScript = "\"${SRCROOT}/Pods/Target Support Files/Pods-FancyButton/Pods-FancyButton-resources.sh\"\n";
			showEnvVarsInLog = 0;
		};
		32C48E36F2F990B57CDE99E3 /* Embed Pods Frameworks */ = {
			isa = PBXShellScriptBuildPhase;
			buildActionMask = 2147483647;
			files = (
			);
			inputPaths = (
			);
			name = "Embed Pods Frameworks";
			outputPaths = (
			);
			runOnlyForDeploymentPostprocessing = 0;
			shellPath = /bin/sh;
			shellScript = "\"${SRCROOT}/Pods/Target Support Files/Pods-FancyButton/Pods-FancyButton-frameworks.sh\"\n";
			showEnvVarsInLog = 0;
		};
		6D752E5A6EC57B5ABA616CE6 /* Check Pods Manifest.lock */ = {
			isa = PBXShellScriptBuildPhase;
			buildActionMask = 2147483647;
			files = (
			);
			inputPaths = (
			);
			name = "Check Pods Manifest.lock";
			outputPaths = (
			);
			runOnlyForDeploymentPostprocessing = 0;
			shellPath = /bin/sh;
			shellScript = "diff \"${PODS_ROOT}/../Podfile.lock\" \"${PODS_ROOT}/Manifest.lock\" > /dev/null\nif [[ $? != 0 ]] ; then\n    cat << EOM\nerror: The sandbox is not in sync with the Podfile.lock. Run 'pod install' or update your CocoaPods installation.\nEOM\n    exit 1\nfi\n";
			showEnvVarsInLog = 0;
		};
/* End PBXShellScriptBuildPhase section */

/* Begin PBXSourcesBuildPhase section */
		E8EADA0C1B161DF6006A627E /* Sources */ = {
			isa = PBXSourcesBuildPhase;
			buildActionMask = 2147483647;
			files = (
				E8EADA181B161DF6006A627E /* ViewController.swift in Sources */,
				E8EADA161B161DF6006A627E /* AppDelegate.swift in Sources */,
			);
			runOnlyForDeploymentPostprocessing = 0;
		};
		E8EADA211B161DF6006A627E /* Sources */ = {
			isa = PBXSourcesBuildPhase;
			buildActionMask = 2147483647;
			files = (
				E8EADA2C1B161DF6006A627E /* FancyButtonTests.swift in Sources */,
			);
			runOnlyForDeploymentPostprocessing = 0;
		};
/* End PBXSourcesBuildPhase section */

/* Begin PBXTargetDependency section */
		E8EADA271B161DF6006A627E /* PBXTargetDependency */ = {
			isa = PBXTargetDependency;
			target = E8EADA0F1B161DF6006A627E /* FancyButton */;
			targetProxy = E8EADA261B161DF6006A627E /* PBXContainerItemProxy */;
		};
/* End PBXTargetDependency section */

/* Begin PBXVariantGroup section */
		E8EADA191B161DF6006A627E /* Main.storyboard */ = {
			isa = PBXVariantGroup;
			children = (
				E8EADA1A1B161DF6006A627E /* Base */,
			);
			name = Main.storyboard;
			sourceTree = "<group>";
		};
		E8EADA1E1B161DF6006A627E /* LaunchScreen.xib */ = {
			isa = PBXVariantGroup;
			children = (
				E8EADA1F1B161DF6006A627E /* Base */,
			);
			name = LaunchScreen.xib;
			sourceTree = "<group>";
		};
/* End PBXVariantGroup section */

/* Begin XCBuildConfiguration section */
		E8EADA2D1B161DF6006A627E /* Debug */ = {
			isa = XCBuildConfiguration;
			buildSettings = {
				ALWAYS_SEARCH_USER_PATHS = NO;
				CLANG_CXX_LANGUAGE_STANDARD = "gnu++0x";
				CLANG_CXX_LIBRARY = "libc++";
				CLANG_ENABLE_MODULES = YES;
				CLANG_ENABLE_OBJC_ARC = YES;
				CLANG_WARN_BOOL_CONVERSION = YES;
				CLANG_WARN_CONSTANT_CONVERSION = YES;
				CLANG_WARN_DIRECT_OBJC_ISA_USAGE = YES_ERROR;
				CLANG_WARN_EMPTY_BODY = YES;
				CLANG_WARN_ENUM_CONVERSION = YES;
				CLANG_WARN_INT_CONVERSION = YES;
				CLANG_WARN_OBJC_ROOT_CLASS = YES_ERROR;
				CLANG_WARN_UNREACHABLE_CODE = YES;
				CLANG_WARN__DUPLICATE_METHOD_MATCH = YES;
				"CODE_SIGN_IDENTITY[sdk=iphoneos*]" = "iPhone Developer";
				COPY_PHASE_STRIP = NO;
				DEBUG_INFORMATION_FORMAT = "dwarf-with-dsym";
				ENABLE_STRICT_OBJC_MSGSEND = YES;
				GCC_C_LANGUAGE_STANDARD = gnu99;
				GCC_DYNAMIC_NO_PIC = NO;
				GCC_NO_COMMON_BLOCKS = YES;
				GCC_OPTIMIZATION_LEVEL = 0;
				GCC_PREPROCESSOR_DEFINITIONS = (
					"DEBUG=1",
					"$(inherited)",
				);
				GCC_SYMBOLS_PRIVATE_EXTERN = NO;
				GCC_WARN_64_TO_32_BIT_CONVERSION = YES;
				GCC_WARN_ABOUT_RETURN_TYPE = YES_ERROR;
				GCC_WARN_UNDECLARED_SELECTOR = YES;
				GCC_WARN_UNINITIALIZED_AUTOS = YES_AGGRESSIVE;
				GCC_WARN_UNUSED_FUNCTION = YES;
				GCC_WARN_UNUSED_VARIABLE = YES;
				IPHONEOS_DEPLOYMENT_TARGET = 8.3;
				MTL_ENABLE_DEBUG_INFO = YES;
				ONLY_ACTIVE_ARCH = YES;
				SDKROOT = iphoneos;
				SWIFT_OPTIMIZATION_LEVEL = "-Onone";
			};
			name = Debug;
		};
		E8EADA2E1B161DF6006A627E /* Release */ = {
			isa = XCBuildConfiguration;
			buildSettings = {
				ALWAYS_SEARCH_USER_PATHS = NO;
				CLANG_CXX_LANGUAGE_STANDARD = "gnu++0x";
				CLANG_CXX_LIBRARY = "libc++";
				CLANG_ENABLE_MODULES = YES;
				CLANG_ENABLE_OBJC_ARC = YES;
				CLANG_WARN_BOOL_CONVERSION = YES;
				CLANG_WARN_CONSTANT_CONVERSION = YES;
				CLANG_WARN_DIRECT_OBJC_ISA_USAGE = YES_ERROR;
				CLANG_WARN_EMPTY_BODY = YES;
				CLANG_WARN_ENUM_CONVERSION = YES;
				CLANG_WARN_INT_CONVERSION = YES;
				CLANG_WARN_OBJC_ROOT_CLASS = YES_ERROR;
				CLANG_WARN_UNREACHABLE_CODE = YES;
				CLANG_WARN__DUPLICATE_METHOD_MATCH = YES;
				"CODE_SIGN_IDENTITY[sdk=iphoneos*]" = "iPhone Developer";
				COPY_PHASE_STRIP = NO;
				DEBUG_INFORMATION_FORMAT = "dwarf-with-dsym";
				ENABLE_NS_ASSERTIONS = NO;
				ENABLE_STRICT_OBJC_MSGSEND = YES;
				GCC_C_LANGUAGE_STANDARD = gnu99;
				GCC_NO_COMMON_BLOCKS = YES;
				GCC_WARN_64_TO_32_BIT_CONVERSION = YES;
				GCC_WARN_ABOUT_RETURN_TYPE = YES_ERROR;
				GCC_WARN_UNDECLARED_SELECTOR = YES;
				GCC_WARN_UNINITIALIZED_AUTOS = YES_AGGRESSIVE;
				GCC_WARN_UNUSED_FUNCTION = YES;
				GCC_WARN_UNUSED_VARIABLE = YES;
				IPHONEOS_DEPLOYMENT_TARGET = 8.3;
				MTL_ENABLE_DEBUG_INFO = NO;
				SDKROOT = iphoneos;
				VALIDATE_PRODUCT = YES;
			};
			name = Release;
		};
		E8EADA301B161DF6006A627E /* Debug */ = {
			isa = XCBuildConfiguration;
			baseConfigurationReference = D3512CD96A876FAA0F7CF4E1 /* Pods-FancyButton.debug.xcconfig */;
			buildSettings = {
				ASSETCATALOG_COMPILER_APPICON_NAME = AppIcon;
				INFOPLIST_FILE = FancyButton/Info.plist;
				LD_RUNPATH_SEARCH_PATHS = "$(inherited) @executable_path/Frameworks";
				PRODUCT_NAME = "$(TARGET_NAME)";
			};
			name = Debug;
		};
		E8EADA311B161DF6006A627E /* Release */ = {
			isa = XCBuildConfiguration;
			baseConfigurationReference = AD450EDDB312F5C38EA3E9BD /* Pods-FancyButton.release.xcconfig */;
			buildSettings = {
				ASSETCATALOG_COMPILER_APPICON_NAME = AppIcon;
				INFOPLIST_FILE = FancyButton/Info.plist;
				LD_RUNPATH_SEARCH_PATHS = "$(inherited) @executable_path/Frameworks";
				PRODUCT_NAME = "$(TARGET_NAME)";
			};
			name = Release;
		};
		E8EADA331B161DF6006A627E /* Debug */ = {
			isa = XCBuildConfiguration;
			buildSettings = {
				BUNDLE_LOADER = "$(TEST_HOST)";
				FRAMEWORK_SEARCH_PATHS = (
					"$(SDKROOT)/Developer/Library/Frameworks",
					"$(inherited)",
				);
				GCC_PREPROCESSOR_DEFINITIONS = (
					"DEBUG=1",
					"$(inherited)",
				);
				INFOPLIST_FILE = FancyButtonTests/Info.plist;
				LD_RUNPATH_SEARCH_PATHS = "$(inherited) @executable_path/Frameworks @loader_path/Frameworks";
				PRODUCT_NAME = "$(TARGET_NAME)";
				TEST_HOST = "$(BUILT_PRODUCTS_DIR)/FancyButton.app/FancyButton";
			};
			name = Debug;
		};
		E8EADA341B161DF6006A627E /* Release */ = {
			isa = XCBuildConfiguration;
			buildSettings = {
				BUNDLE_LOADER = "$(TEST_HOST)";
				FRAMEWORK_SEARCH_PATHS = (
					"$(SDKROOT)/Developer/Library/Frameworks",
					"$(inherited)",
				);
				INFOPLIST_FILE = FancyButtonTests/Info.plist;
				LD_RUNPATH_SEARCH_PATHS = "$(inherited) @executable_path/Frameworks @loader_path/Frameworks";
				PRODUCT_NAME = "$(TARGET_NAME)";
				TEST_HOST = "$(BUILT_PRODUCTS_DIR)/FancyButton.app/FancyButton";
			};
			name = Release;
		};
/* End XCBuildConfiguration section */

/* Begin XCConfigurationList section */
		E8EADA0B1B161DF6006A627E /* Build configuration list for PBXProject "FancyButton" */ = {
			isa = XCConfigurationList;
			buildConfigurations = (
				E8EADA2D1B161DF6006A627E /* Debug */,
				E8EADA2E1B161DF6006A627E /* Release */,
			);
			defaultConfigurationIsVisible = 0;
			defaultConfigurationName = Release;
		};
		E8EADA2F1B161DF6006A627E /* Build configuration list for PBXNativeTarget "FancyButton" */ = {
			isa = XCConfigurationList;
			buildConfigurations = (
				E8EADA301B161DF6006A627E /* Debug */,
				E8EADA311B161DF6006A627E /* Release */,
			);
			defaultConfigurationIsVisible = 0;
			defaultConfigurationName = Release;
		};
		E8EADA321B161DF6006A627E /* Build configuration list for PBXNativeTarget "FancyButtonTests" */ = {
			isa = XCConfigurationList;
			buildConfigurations = (
				E8EADA331B161DF6006A627E /* Debug */,
				E8EADA341B161DF6006A627E /* Release */,
			);
			defaultConfigurationIsVisible = 0;
			defaultConfigurationName = Release;
		};
/* End XCConfigurationList section */
	};
	rootObject = E8EADA081B161DF6006A627E /* Project object */;
}
